
Microsoft Visual Studio Solution File, Format Version 12.00
# Visual Studio Version 16
VisualStudioVersion = 16.0.31019.35
MinimumVisualStudioVersion = 10.0.40219.1
Project("{FAE04EC0-301F-11D3-BF4B-00C04F79EFBC}") = "BookLoverUI", "BookLoverUI\BookLoverUI.csproj", "{2E1DEB84-1A45-438E-B7F8-7CE1ABEADE10}"
EndProject
Global
	GlobalSection(SolutionConfigurationPlatforms) = preSolution
		Debug|Any CPU = Debug|Any CPU
		Release|Any CPU = Release|Any CPU
	EndGlobalSection
	GlobalSection(ProjectConfigurationPlatforms) = postSolution
		{2E1DEB84-1A45-438E-B7F8-7CE1ABEADE10}.Debug|Any CPU.ActiveCfg = Debug|Any CPU
		{2E1DEB84-1A45-438E-B7F8-7CE1ABEADE10}.Debug|Any CPU.Build.0 = Debug|Any CPU
		{2E1DEB84-1A45-438E-B7F8-7CE1ABEADE10}.Release|Any CPU.ActiveCfg = Release|Any CPU
		{2E1DEB84-1A45-438E-B7F8-7CE1ABEADE10}.Release|Any CPU.Build.0 = Release|Any CPU
	EndGlobalSection
	GlobalSection(SolutionProperties) = preSolution
		HideSolutionNode = FALSE
	EndGlobalSection
	GlobalSection(ExtensibilityGlobals) = postSolution
		SolutionGuid = {BABCB4F6-3599-46E4-9984-AC47C5971BAE}
	EndGlobalSection
EndGlobal
